version = 1
revision = 1
requires-python = "==3.11.*"

[manifest]
requirements = [
    { name = "autopep8", specifier = "==2.3.1" },
    { name = "certifi", specifier = "==2021.10.8" },
    { name = "charset-normalizer", specifier = "==2.0.10" },
    { name = "cython", specifier = "==0.29.30" },
    { name = "idna", specifier = "==3.3" },
    { name = "jupyter-core", specifier = ">=5.7.2" },
    { name = "numpy", specifier = "==1.24.3" },
    { name = "pip", specifier = "==24.0" },
    { name = "polars", extras = ["async"], specifier = ">=1.26.0" },
    { name = "pycodestyle", specifier = "==2.12.1" },
    { name = "requests", specifier = "==2.27.1" },
    { name = "scipy", specifier = ">=1.15.2" },
    { name = "setuptools", specifier = "==63.2.0" },
    { name = "urllib3", specifier = "==1.26.8" },
    { name = "zstandard", specifier = "==0.16.0" },
]

[[package]]
name = "autopep8"
version = "2.3.1"
source = { registry = "https://pypi.org/simple" }
dependencies = [
    { name = "pycodestyle" },
]
sdist = { url = "https://files.pythonhosted.org/packages/6c/52/65556a5f917a4b273fd1b705f98687a6bd721dbc45966f0f6687e90a18b0/autopep8-2.3.1.tar.gz", hash = "sha256:8d6c87eba648fdcfc83e29b788910b8643171c395d9c4bcf115ece035b9c9dda", size = 92064 }
wheels = [
    { url = "https://files.pythonhosted.org/packages/ad/9e/f0beffe45b507dca9d7540fad42b316b2fd1076dc484c9b1f23d9da570d7/autopep8-2.3.1-py2.py3-none-any.whl", hash = "sha256:a203fe0fcad7939987422140ab17a930f684763bf7335bdb6709991dd7ef6c2d", size = 45667 },
]

[[package]]
name = "certifi"
version = "2021.10.8"
source = { registry = "https://pypi.org/simple" }
sdist = { url = "https://files.pythonhosted.org/packages/6c/ae/d26450834f0acc9e3d1f74508da6df1551ceab6c2ce0766a593362d6d57f/certifi-2021.10.8.tar.gz", hash = "sha256:78884e7c1d4b00ce3cea67b44566851c4343c120abd683433ce934a68ea58872", size = 151214 }
wheels = [
    { url = "https://files.pythonhosted.org/packages/37/45/946c02767aabb873146011e665728b680884cd8fe70dde973c640e45b775/certifi-2021.10.8-py2.py3-none-any.whl", hash = "sha256:d62a0163eb4c2344ac042ab2bdf75399a71a2d8c7d47eac2e2ee91b9d6339569", size = 149195 },
]

[[package]]
name = "cffi"
version = "1.17.1"
source = { registry = "https://pypi.org/simple" }
dependencies = [
    { name = "pycparser" },
]
sdist = { url = "https://files.pythonhosted.org/packages/fc/97/c783634659c2920c3fc70419e3af40972dbaf758daa229a7d6ea6135c90d/cffi-1.17.1.tar.gz", hash = "sha256:1c39c6016c32bc48dd54561950ebd6836e1670f2ae46128f67cf49e789c52824", size = 516621 }
wheels = [
    { url = "https://files.pythonhosted.org/packages/6b/f4/927e3a8899e52a27fa57a48607ff7dc91a9ebe97399b357b85a0c7892e00/cffi-1.17.1-cp311-cp311-macosx_10_9_x86_64.whl", hash = "sha256:a45e3c6913c5b87b3ff120dcdc03f6131fa0065027d0ed7ee6190736a74cd401", size = 182264 },
    { url = "https://files.pythonhosted.org/packages/6c/f5/6c3a8efe5f503175aaddcbea6ad0d2c96dad6f5abb205750d1b3df44ef29/cffi-1.17.1-cp311-cp311-macosx_11_0_arm64.whl", hash = "sha256:30c5e0cb5ae493c04c8b42916e52ca38079f1b235c2f8ae5f4527b963c401caf", size = 178651 },
    { url = "https://files.pythonhosted.org/packages/94/dd/a3f0118e688d1b1a57553da23b16bdade96d2f9bcda4d32e7d2838047ff7/cffi-1.17.1-cp311-cp311-manylinux_2_12_i686.manylinux2010_i686.manylinux_2_17_i686.manylinux2014_i686.whl", hash = "sha256:f75c7ab1f9e4aca5414ed4d8e5c0e303a34f4421f8a0d47a4d019ceff0ab6af4", size = 445259 },
    { url = "https://files.pythonhosted.org/packages/2e/ea/70ce63780f096e16ce8588efe039d3c4f91deb1dc01e9c73a287939c79a6/cffi-1.17.1-cp311-cp311-manylinux_2_17_aarch64.manylinux2014_aarch64.whl", hash = "sha256:a1ed2dd2972641495a3ec98445e09766f077aee98a1c896dcb4ad0d303628e41", size = 469200 },
    { url = "https://files.pythonhosted.org/packages/1c/a0/a4fa9f4f781bda074c3ddd57a572b060fa0df7655d2a4247bbe277200146/cffi-1.17.1-cp311-cp311-manylinux_2_17_ppc64le.manylinux2014_ppc64le.whl", hash = "sha256:46bf43160c1a35f7ec506d254e5c890f3c03648a4dbac12d624e4490a7046cd1", size = 477235 },
    { url = "https://files.pythonhosted.org/packages/62/12/ce8710b5b8affbcdd5c6e367217c242524ad17a02fe5beec3ee339f69f85/cffi-1.17.1-cp311-cp311-manylinux_2_17_s390x.manylinux2014_s390x.whl", hash = "sha256:a24ed04c8ffd54b0729c07cee15a81d964e6fee0e3d4d342a27b020d22959dc6", size = 459721 },
    { url = "https://files.pythonhosted.org/packages/ff/6b/d45873c5e0242196f042d555526f92aa9e0c32355a1be1ff8c27f077fd37/cffi-1.17.1-cp311-cp311-manylinux_2_17_x86_64.manylinux2014_x86_64.whl", hash = "sha256:610faea79c43e44c71e1ec53a554553fa22321b65fae24889706c0a84d4ad86d", size = 467242 },
    { url = "https://files.pythonhosted.org/packages/1a/52/d9a0e523a572fbccf2955f5abe883cfa8bcc570d7faeee06336fbd50c9fc/cffi-1.17.1-cp311-cp311-musllinux_1_1_aarch64.whl", hash = "sha256:a9b15d491f3ad5d692e11f6b71f7857e7835eb677955c00cc0aefcd0669adaf6", size = 477999 },
    { url = "https://files.pythonhosted.org/packages/44/74/f2a2460684a1a2d00ca799ad880d54652841a780c4c97b87754f660c7603/cffi-1.17.1-cp311-cp311-musllinux_1_1_i686.whl", hash = "sha256:de2ea4b5833625383e464549fec1bc395c1bdeeb5f25c4a3a82b5a8c756ec22f", size = 454242 },
    { url = "https://files.pythonhosted.org/packages/f8/4a/34599cac7dfcd888ff54e801afe06a19c17787dfd94495ab0c8d35fe99fb/cffi-1.17.1-cp311-cp311-musllinux_1_1_x86_64.whl", hash = "sha256:fc48c783f9c87e60831201f2cce7f3b2e4846bf4d8728eabe54d60700b318a0b", size = 478604 },
    { url = "https://files.pythonhosted.org/packages/34/33/e1b8a1ba29025adbdcda5fb3a36f94c03d771c1b7b12f726ff7fef2ebe36/cffi-1.17.1-cp311-cp311-win32.whl", hash = "sha256:85a950a4ac9c359340d5963966e3e0a94a676bd6245a4b55bc43949eee26a655", size = 171727 },
    { url = "https://files.pythonhosted.org/packages/3d/97/50228be003bb2802627d28ec0627837ac0bf35c90cf769812056f235b2d1/cffi-1.17.1-cp311-cp311-win_amd64.whl", hash = "sha256:caaf0640ef5f5517f49bc275eca1406b0ffa6aa184892812030f04c2abf589a0", size = 181400 },
]

[[package]]
name = "charset-normalizer"
version = "2.0.10"
source = { registry = "https://pypi.org/simple" }
sdist = { url = "https://files.pythonhosted.org/packages/48/44/76b179e0d1afe6e6a91fd5661c284f60238987f3b42b676d141d01cd5b97/charset-normalizer-2.0.10.tar.gz", hash = "sha256:876d180e9d7432c5d1dfd4c5d26b72f099d503e8fcc0feb7532c9289be60fcbd", size = 78245 }
wheels = [
    { url = "https://files.pythonhosted.org/packages/84/3e/1037abe6498e65d645ce7a22d3402605d49a3b2c7f20c3abb027760da4f0/charset_normalizer-2.0.10-py3-none-any.whl", hash = "sha256:cb957888737fc0bbcd78e3df769addb41fd1ff8cf950dc9e7ad7793f1bf44455", size = 39377 },
]

[[package]]
name = "cython"
version = "0.29.30"
source = { registry = "https://pypi.org/simple" }
sdist = { url = "https://files.pythonhosted.org/packages/d4/ad/7ce0cccd68824ac9623daf4e973c587aa7e2d23418cd028f8860c80651f5/Cython-0.29.30.tar.gz", hash = "sha256:2235b62da8fe6fa8b99422c8e583f2fb95e143867d337b5c75e4b9a1a865f9e3", size = 2085208 }
wheels = [
    { url = "https://files.pythonhosted.org/packages/32/01/3e680379e12255c681e3bfe2a7a7ab2bf367fcea6d48857f1ba5726b52f5/Cython-0.29.30-cp311-cp311-manylinux_2_17_aarch64.manylinux2014_aarch64.manylinux_2_24_aarch64.whl", hash = "sha256:ffa8c09617833ff0824aa7926fa4fa9d2ec3929c67168e89105f276b7f36a63e", size = 1815595 },
    { url = "https://files.pythonhosted.org/packages/46/16/9195dca8d1f8bff21c77a29cbf78632486353ab21ff65ba84416ebc67e35/Cython-0.29.30-cp311-cp311-manylinux_2_17_x86_64.manylinux2014_x86_64.manylinux_2_24_x86_64.whl", hash = "sha256:6b389a94b42909ff56d3491fde7c44802053a103701a7d210dcdd449a5b4f7b4", size = 1918746 },
    { url = "https://files.pythonhosted.org/packages/51/b2/157c0eb191362029e29877c5b9b6fe2c490fcdb82540ac7711bddac0d320/Cython-0.29.30-cp311-cp311-manylinux_2_5_i686.manylinux1_i686.manylinux_2_24_i686.whl", hash = "sha256:7eff71c39b98078deaad1d1bdbf10864d234e2ab5d5257e980a6926a8523f697", size = 1917463 },
    { url = "https://files.pythonhosted.org/packages/29/be/cfb9f07f69da2025f662b6fd51c122d271aa6d5f30b895537376cd1004be/Cython-0.29.30-cp311-cp311-musllinux_1_1_x86_64.whl", hash = "sha256:8e08f18d249b9b65e272a5a60f3360a8922c4c149036b98fc821fe1afad5bdae", size = 2016584 },
    { url = "https://files.pythonhosted.org/packages/80/08/1c007f1d571f8f2a67ed6938cc79117fa5ae9c0d9ff633fbd5e52f212062/Cython-0.29.30-py2.py3-none-any.whl", hash = "sha256:acb72e0b42079862cf2f894964b41f261e941e75677e902c5f4304b3eb00af33", size = 985128 },
]

[[package]]
name = "gevent"
version = "24.11.1"
source = { registry = "https://pypi.org/simple" }
dependencies = [
    { name = "cffi", marker = "platform_python_implementation == 'CPython' and sys_platform == 'win32'" },
    { name = "greenlet", marker = "platform_python_implementation == 'CPython'" },
    { name = "zope-event" },
    { name = "zope-interface" },
]
sdist = { url = "https://files.pythonhosted.org/packages/ab/75/a53f1cb732420f5e5d79b2563fc3504d22115e7ecfe7966e5cf9b3582ae7/gevent-24.11.1.tar.gz", hash = "sha256:8bd1419114e9e4a3ed33a5bad766afff9a3cf765cb440a582a1b3a9bc80c1aca", size = 5976624 }
wheels = [
    { url = "https://files.pythonhosted.org/packages/ea/fd/86a170f77ef51a15297573c50dbec4cc67ddc98b677cc2d03cc7f2927f4c/gevent-24.11.1-cp311-cp311-macosx_11_0_universal2.whl", hash = "sha256:351d1c0e4ef2b618ace74c91b9b28b3eaa0dd45141878a964e03c7873af09f62", size = 2951424 },
    { url = "https://files.pythonhosted.org/packages/7f/0a/987268c9d446f61883bc627c77c5ed4a97869c0f541f76661a62b2c411f6/gevent-24.11.1-cp311-cp311-manylinux_2_17_aarch64.manylinux2014_aarch64.whl", hash = "sha256:b5efe72e99b7243e222ba0c2c2ce9618d7d36644c166d63373af239da1036bab", size = 4878504 },
    { url = "https://files.pythonhosted.org/packages/dc/d4/2f77ddd837c0e21b4a4460bcb79318b6754d95ef138b7a29f3221c7e9993/gevent-24.11.1-cp311-cp311-manylinux_2_17_ppc64le.manylinux2014_ppc64le.whl", hash = "sha256:9d3b249e4e1f40c598ab8393fc01ae6a3b4d51fc1adae56d9ba5b315f6b2d758", size = 5007668 },
    { url = "https://files.pythonhosted.org/packages/80/a0/829e0399a1f9b84c344b72d2be9aa60fe2a64e993cac221edcc14f069679/gevent-24.11.1-cp311-cp311-manylinux_2_17_s390x.manylinux2014_s390x.whl", hash = "sha256:81d918e952954675f93fb39001da02113ec4d5f4921bf5a0cc29719af6824e5d", size = 5067055 },
    { url = "https://files.pythonhosted.org/packages/1e/67/0e693f9ddb7909c2414f8fcfc2409aa4157884c147bc83dab979e9cf717c/gevent-24.11.1-cp311-cp311-manylinux_2_17_x86_64.manylinux2014_x86_64.whl", hash = "sha256:c9c935b83d40c748b6421625465b7308d87c7b3717275acd587eef2bd1c39546", size = 6761883 },
    { url = "https://files.pythonhosted.org/packages/fa/b6/b69883fc069d7148dd23c5dda20826044e54e7197f3c8e72b8cc2cd4035a/gevent-24.11.1-cp311-cp311-musllinux_1_1_aarch64.whl", hash = "sha256:ff96c5739834c9a594db0e12bf59cb3fa0e5102fc7b893972118a3166733d61c", size = 5440802 },
    { url = "https://files.pythonhosted.org/packages/32/4e/b00094d995ff01fd88b3cf6b9d1d794f935c31c645c431e65cd82d808c9c/gevent-24.11.1-cp311-cp311-musllinux_1_1_x86_64.whl", hash = "sha256:d6c0a065e31ef04658f799215dddae8752d636de2bed61365c358f9c91e7af61", size = 6866992 },
    { url = "https://files.pythonhosted.org/packages/37/ed/58dbe9fb09d36f6477ff8db0459ebd3be9a77dc05ae5d96dc91ad657610d/gevent-24.11.1-cp311-cp311-win_amd64.whl", hash = "sha256:97e2f3999a5c0656f42065d02939d64fffaf55861f7d62b0107a08f52c984897", size = 1543736 },
]

[[package]]
name = "greenlet"
version = "3.1.1"
source = { registry = "https://pypi.org/simple" }
sdist = { url = "https://files.pythonhosted.org/packages/2f/ff/df5fede753cc10f6a5be0931204ea30c35fa2f2ea7a35b25bdaf4fe40e46/greenlet-3.1.1.tar.gz", hash = "sha256:4ce3ac6cdb6adf7946475d7ef31777c26d94bccc377e070a7986bd2d5c515467", size = 186022 }
wheels = [
    { url = "https://files.pythonhosted.org/packages/28/62/1c2665558618553c42922ed47a4e6d6527e2fa3516a8256c2f431c5d0441/greenlet-3.1.1-cp311-cp311-macosx_11_0_universal2.whl", hash = "sha256:e4d333e558953648ca09d64f13e6d8f0523fa705f51cae3f03b5983489958c70", size = 272479 },
    { url = "https://files.pythonhosted.org/packages/76/9d/421e2d5f07285b6e4e3a676b016ca781f63cfe4a0cd8eaecf3fd6f7a71ae/greenlet-3.1.1-cp311-cp311-manylinux_2_17_aarch64.manylinux2014_aarch64.whl", hash = "sha256:09fc016b73c94e98e29af67ab7b9a879c307c6731a2c9da0db5a7d9b7edd1159", size = 640404 },
    { url = "https://files.pythonhosted.org/packages/e5/de/6e05f5c59262a584e502dd3d261bbdd2c97ab5416cc9c0b91ea38932a901/greenlet-3.1.1-cp311-cp311-manylinux_2_17_ppc64le.manylinux2014_ppc64le.whl", hash = "sha256:d5e975ca70269d66d17dd995dafc06f1b06e8cb1ec1e9ed54c1d1e4a7c4cf26e", size = 652813 },
    { url = "https://files.pythonhosted.org/packages/49/93/d5f93c84241acdea15a8fd329362c2c71c79e1a507c3f142a5d67ea435ae/greenlet-3.1.1-cp311-cp311-manylinux_2_17_s390x.manylinux2014_s390x.whl", hash = "sha256:3b2813dc3de8c1ee3f924e4d4227999285fd335d1bcc0d2be6dc3f1f6a318ec1", size = 648517 },
    { url = "https://files.pythonhosted.org/packages/15/85/72f77fc02d00470c86a5c982b8daafdf65d38aefbbe441cebff3bf7037fc/greenlet-3.1.1-cp311-cp311-manylinux_2_17_x86_64.manylinux2014_x86_64.whl", hash = "sha256:e347b3bfcf985a05e8c0b7d462ba6f15b1ee1c909e2dcad795e49e91b152c383", size = 647831 },
    { url = "https://files.pythonhosted.org/packages/f7/4b/1c9695aa24f808e156c8f4813f685d975ca73c000c2a5056c514c64980f6/greenlet-3.1.1-cp311-cp311-manylinux_2_24_x86_64.manylinux_2_28_x86_64.whl", hash = "sha256:9e8f8c9cb53cdac7ba9793c276acd90168f416b9ce36799b9b885790f8ad6c0a", size = 602413 },
    { url = "https://files.pythonhosted.org/packages/76/70/ad6e5b31ef330f03b12559d19fda2606a522d3849cde46b24f223d6d1619/greenlet-3.1.1-cp311-cp311-musllinux_1_1_aarch64.whl", hash = "sha256:62ee94988d6b4722ce0028644418d93a52429e977d742ca2ccbe1c4f4a792511", size = 1129619 },
    { url = "https://files.pythonhosted.org/packages/f4/fb/201e1b932e584066e0f0658b538e73c459b34d44b4bd4034f682423bc801/greenlet-3.1.1-cp311-cp311-musllinux_1_1_x86_64.whl", hash = "sha256:1776fd7f989fc6b8d8c8cb8da1f6b82c5814957264d1f6cf818d475ec2bf6395", size = 1155198 },
    { url = "https://files.pythonhosted.org/packages/12/da/b9ed5e310bb8b89661b80cbcd4db5a067903bbcd7fc854923f5ebb4144f0/greenlet-3.1.1-cp311-cp311-win_amd64.whl", hash = "sha256:48ca08c771c268a768087b408658e216133aecd835c0ded47ce955381105ba39", size = 298930 },
]

[[package]]
name = "idna"
version = "3.3"
source = { registry = "https://pypi.org/simple" }
sdist = { url = "https://files.pythonhosted.org/packages/62/08/e3fc7c8161090f742f504f40b1bccbfc544d4a4e09eb774bf40aafce5436/idna-3.3.tar.gz", hash = "sha256:9d643ff0a55b762d5cdb124b8eaa99c66322e2157b69160bc32796e824360e6d", size = 286689 }
wheels = [
    { url = "https://files.pythonhosted.org/packages/04/a2/d918dcd22354d8958fe113e1a3630137e0fc8b44859ade3063982eacd2a4/idna-3.3-py3-none-any.whl", hash = "sha256:84d9dd047ffa80596e0f246e2eab0b391788b0503584e8945f2368256d2735ff", size = 61160 },
]

[[package]]
name = "jupyter-core"
version = "5.7.2"
source = { registry = "https://pypi.org/simple" }
dependencies = [
    { name = "platformdirs" },
    { name = "pywin32", marker = "platform_python_implementation != 'PyPy' and sys_platform == 'win32'" },
    { name = "traitlets" },
]
sdist = { url = "https://files.pythonhosted.org/packages/00/11/b56381fa6c3f4cc5d2cf54a7dbf98ad9aa0b339ef7a601d6053538b079a7/jupyter_core-5.7.2.tar.gz", hash = "sha256:aa5f8d32bbf6b431ac830496da7392035d6f61b4f54872f15c4bd2a9c3f536d9", size = 87629 }
wheels = [
    { url = "https://files.pythonhosted.org/packages/c9/fb/108ecd1fe961941959ad0ee4e12ee7b8b1477247f30b1fdfd83ceaf017f0/jupyter_core-5.7.2-py3-none-any.whl", hash = "sha256:4f7315d2f6b4bcf2e3e7cb6e46772eba760ae459cd1f59d29eb57b0a01bd7409", size = 28965 },
]

[[package]]
name = "numpy"
version = "1.24.3"
source = { registry = "https://pypi.org/simple" }
sdist = { url = "https://files.pythonhosted.org/packages/2c/d4/590ae7df5044465cc9fa2db152ae12468694d62d952b1528ecff328ef7fc/numpy-1.24.3.tar.gz", hash = "sha256:ab344f1bf21f140adab8e47fdbc7c35a477dc01408791f8ba00d018dd0bc5155", size = 10909904 }
wheels = [
    { url = "https://files.pythonhosted.org/packages/ec/7d/f69c47ea3db0cd8ca444aec241a80b538eb176ae756820489a9d2946ec8c/numpy-1.24.3-cp311-cp311-macosx_10_9_x86_64.whl", hash = "sha256:9a7721ec204d3a237225db3e194c25268faf92e19338a35f3a224469cb6039a3", size = 19775092 },
    { url = "https://files.pythonhosted.org/packages/ee/6c/7217a8844dfe22e349bccbecd35571fa72c5d7fe8b33d8c5540e8cc2535c/numpy-1.24.3-cp311-cp311-macosx_11_0_arm64.whl", hash = "sha256:d6cc757de514c00b24ae8cf5c876af2a7c3df189028d68c0cb4eaa9cd5afc2bf", size = 13839692 },
    { url = "https://files.pythonhosted.org/packages/72/eb/9c77bbc4d2b4ca17ef253621794a2d42897d896f86cd493db3eabe1a7d25/numpy-1.24.3-cp311-cp311-manylinux_2_17_aarch64.manylinux2014_aarch64.whl", hash = "sha256:76e3f4e85fc5d4fd311f6e9b794d0c00e7002ec122be271f2019d63376f1d385", size = 13991538 },
    { url = "https://files.pythonhosted.org/packages/82/19/321d369ede7458500f59151101470129d14f3b6768bb9b99bb7156f526b5/numpy-1.24.3-cp311-cp311-manylinux_2_17_x86_64.manylinux2014_x86_64.whl", hash = "sha256:a1d3c026f57ceaad42f8231305d4653d5f05dc6332a730ae5c0bea3513de0950", size = 17278482 },
    { url = "https://files.pythonhosted.org/packages/94/84/ed45416c8319c02348a5812d5647796a0833e3fb5576d01758f2a72e9200/numpy-1.24.3-cp311-cp311-win32.whl", hash = "sha256:c91c4afd8abc3908e00a44b2672718905b8611503f7ff87390cc0ac3423fb096", size = 12422096 },
    { url = "https://files.pythonhosted.org/packages/f0/e8/1ea9adebdccaadfc208c7517e09f5145ed5a73069779ff436393085d47a2/numpy-1.24.3-cp311-cp311-win_amd64.whl", hash = "sha256:5342cf6aad47943286afa6f1609cad9b4266a05e7f2ec408e2cf7aea7ff69d80", size = 14833773 },
]

[[package]]
name = "pip"
version = "24.0"
source = { registry = "https://pypi.org/simple" }
sdist = { url = "https://files.pythonhosted.org/packages/94/59/6638090c25e9bc4ce0c42817b5a234e183872a1129735a9330c472cc2056/pip-24.0.tar.gz", hash = "sha256:ea9bd1a847e8c5774a5777bb398c19e80bcd4e2aa16a4b301b718fe6f593aba2", size = 2132709 }
wheels = [
    { url = "https://files.pythonhosted.org/packages/8a/6a/19e9fe04fca059ccf770861c7d5721ab4c2aebc539889e97c7977528a53b/pip-24.0-py3-none-any.whl", hash = "sha256:ba0d021a166865d2265246961bec0152ff124de910c5cc39f1156ce3fa7c69dc", size = 2110226 },
]

[[package]]
name = "platformdirs"
version = "4.3.7"
source = { registry = "https://pypi.org/simple" }
sdist = { url = "https://files.pythonhosted.org/packages/b6/2d/7d512a3913d60623e7eb945c6d1b4f0bddf1d0b7ada5225274c87e5b53d1/platformdirs-4.3.7.tar.gz", hash = "sha256:eb437d586b6a0986388f0d6f74aa0cde27b48d0e3d66843640bfb6bdcdb6e351", size = 21291 }
wheels = [
    { url = "https://files.pythonhosted.org/packages/6d/45/59578566b3275b8fd9157885918fcd0c4d74162928a5310926887b856a51/platformdirs-4.3.7-py3-none-any.whl", hash = "sha256:a03875334331946f13c549dbd8f4bac7a13a50a895a0eb1e8c6a8ace80d40a94", size = 18499 },
]

[[package]]
name = "polars"
version = "1.26.0"
source = { registry = "https://pypi.org/simple" }
sdist = { url = "https://files.pythonhosted.org/packages/72/c2/56a750b82e74c5af7b821215eab3ee992d9ef11310dad353f5b2086ef7db/polars-1.26.0.tar.gz", hash = "sha256:b5492d38e5ec2ae6a8853833c5a31549194a361b901134fc5f2f57b49bd563ea", size = 4522991 }
wheels = [
    { url = "https://files.pythonhosted.org/packages/4a/99/ce4427576a6134504e6dd58f5d411d55b228a05950c5fff5b75e90263cb1/polars-1.26.0-cp39-abi3-macosx_10_12_x86_64.whl", hash = "sha256:2afefcd356608981b2e15d46df9ddaa6e77f36095ebeb73c3261e198bd51c925", size = 34767938 },
    { url = "https://files.pythonhosted.org/packages/e3/0a/5c9455ff271c3583bf0fd505911e5787ca7bc0f247968853cb6dcfbedffb/polars-1.26.0-cp39-abi3-macosx_11_0_arm64.whl", hash = "sha256:587eb3c5000423eb20be998f523e605ddba0d3c598ba4a7e2a4d0b92b1fd2a7e", size = 31612374 },
    { url = "https://files.pythonhosted.org/packages/6c/0a/c9e388b35533fc1827eaeb0f3940ba0a1058511bf77aaa689ebb1b0bef88/polars-1.26.0-cp39-abi3-manylinux_2_17_x86_64.manylinux2014_x86_64.whl", hash = "sha256:66c30f4b7e060c2e7f3a45d6ac94ab3b179831a2f1e629401bf7912d54311529", size = 35404704 },
    { url = "https://files.pythonhosted.org/packages/e6/eb/b420131563a42ac0866224aa6284a356107d036c32d825c5478767a1446e/polars-1.26.0-cp39-abi3-manylinux_2_24_aarch64.whl", hash = "sha256:110d6987d37ae954a5ef16d739fb717df9d39b144790d12d98fb3e72ed35621c", size = 32569800 },
    { url = "https://files.pythonhosted.org/packages/e9/8d/b28ae5d63a4bafdfe81d132efc6b8d076ef2c866ecbf5d24ca3b1f53b88b/polars-1.26.0-cp39-abi3-win_amd64.whl", hash = "sha256:189a58aaf393003515fa6d83e2dea815a2b448265f2007a926274ed12672583c", size = 35617074 },
    { url = "https://files.pythonhosted.org/packages/af/21/7a76c58203f0806cb5b1155e4994693e618d4de5ca6a34388ae85267ccc4/polars-1.26.0-cp39-abi3-win_arm64.whl", hash = "sha256:58db2dce39cad5f8fc8e8c5c923a250eb21eff4146b03514d570d1c205a4874c", size = 31895936 },
]

[package.optional-dependencies]
async = [
    { name = "gevent" },
]

[[package]]
name = "pycodestyle"
version = "2.12.1"
source = { registry = "https://pypi.org/simple" }
sdist = { url = "https://files.pythonhosted.org/packages/43/aa/210b2c9aedd8c1cbeea31a50e42050ad56187754b34eb214c46709445801/pycodestyle-2.12.1.tar.gz", hash = "sha256:6838eae08bbce4f6accd5d5572075c63626a15ee3e6f842df996bf62f6d73521", size = 39232 }
wheels = [
    { url = "https://files.pythonhosted.org/packages/3a/d8/a211b3f85e99a0daa2ddec96c949cac6824bd305b040571b82a03dd62636/pycodestyle-2.12.1-py2.py3-none-any.whl", hash = "sha256:46f0fb92069a7c28ab7bb558f05bfc0110dac69a0cd23c61ea0040283a9d78b3", size = 31284 },
]

[[package]]
name = "pycparser"
version = "2.22"
source = { registry = "https://pypi.org/simple" }
sdist = { url = "https://files.pythonhosted.org/packages/1d/b2/31537cf4b1ca988837256c910a668b553fceb8f069bedc4b1c826024b52c/pycparser-2.22.tar.gz", hash = "sha256:491c8be9c040f5390f5bf44a5b07752bd07f56edf992381b05c701439eec10f6", size = 172736 }
wheels = [
    { url = "https://files.pythonhosted.org/packages/13/a3/a812df4e2dd5696d1f351d58b8fe16a405b234ad2886a0dab9183fb78109/pycparser-2.22-py3-none-any.whl", hash = "sha256:c3702b6d3dd8c7abc1afa565d7e63d53a1d0bd86cdc24edd75470f4de499cfcc", size = 117552 },
]

[[package]]
name = "pywin32"
version = "310"
source = { registry = "https://pypi.org/simple" }
wheels = [
    { url = "https://files.pythonhosted.org/packages/f7/b1/68aa2986129fb1011dabbe95f0136f44509afaf072b12b8f815905a39f33/pywin32-310-cp311-cp311-win32.whl", hash = "sha256:1e765f9564e83011a63321bb9d27ec456a0ed90d3732c4b2e312b855365ed8bd", size = 8784284 },
    { url = "https://files.pythonhosted.org/packages/b3/bd/d1592635992dd8db5bb8ace0551bc3a769de1ac8850200cfa517e72739fb/pywin32-310-cp311-cp311-win_amd64.whl", hash = "sha256:126298077a9d7c95c53823934f000599f66ec9296b09167810eb24875f32689c", size = 9520748 },
    { url = "https://files.pythonhosted.org/packages/90/b1/ac8b1ffce6603849eb45a91cf126c0fa5431f186c2e768bf56889c46f51c/pywin32-310-cp311-cp311-win_arm64.whl", hash = "sha256:19ec5fc9b1d51c4350be7bb00760ffce46e6c95eaf2f0b2f1150657b1a43c582", size = 8455941 },
]

[[package]]
name = "requests"
version = "2.27.1"
source = { registry = "https://pypi.org/simple" }
dependencies = [
    { name = "certifi" },
    { name = "charset-normalizer" },
    { name = "idna" },
    { name = "urllib3" },
]
sdist = { url = "https://files.pythonhosted.org/packages/60/f3/26ff3767f099b73e0efa138a9998da67890793bfa475d8278f84a30fec77/requests-2.27.1.tar.gz", hash = "sha256:68d7c56fd5a8999887728ef304a6d12edc7be74f1cfa47714fc8b414525c9a61", size = 106758 }
wheels = [
    { url = "https://files.pythonhosted.org/packages/2d/61/08076519c80041bc0ffa1a8af0cbd3bf3e2b62af10435d269a9d0f40564d/requests-2.27.1-py2.py3-none-any.whl", hash = "sha256:f22fa1e554c9ddfd16e6e41ac79759e17be9e492b3587efa038054674760e72d", size = 63133 },
]

[[package]]
name = "scipy"
version = "1.15.2"
source = { registry = "https://pypi.org/simple" }
dependencies = [
    { name = "numpy" },
]
sdist = { url = "https://files.pythonhosted.org/packages/b7/b9/31ba9cd990e626574baf93fbc1ac61cf9ed54faafd04c479117517661637/scipy-1.15.2.tar.gz", hash = "sha256:cd58a314d92838f7e6f755c8a2167ead4f27e1fd5c1251fd54289569ef3495ec", size = 59417316 }
wheels = [
    { url = "https://files.pythonhosted.org/packages/40/1f/bf0a5f338bda7c35c08b4ed0df797e7bafe8a78a97275e9f439aceb46193/scipy-1.15.2-cp311-cp311-macosx_10_13_x86_64.whl", hash = "sha256:92233b2df6938147be6fa8824b8136f29a18f016ecde986666be5f4d686a91a4", size = 38703651 },
    { url = "https://files.pythonhosted.org/packages/de/54/db126aad3874601048c2c20ae3d8a433dbfd7ba8381551e6f62606d9bd8e/scipy-1.15.2-cp311-cp311-macosx_12_0_arm64.whl", hash = "sha256:62ca1ff3eb513e09ed17a5736929429189adf16d2d740f44e53270cc800ecff1", size = 30102038 },
    { url = "https://files.pythonhosted.org/packages/61/d8/84da3fffefb6c7d5a16968fe5b9f24c98606b165bb801bb0b8bc3985200f/scipy-1.15.2-cp311-cp311-macosx_14_0_arm64.whl", hash = "sha256:4c6676490ad76d1c2894d77f976144b41bd1a4052107902238047fb6a473e971", size = 22375518 },
    { url = "https://files.pythonhosted.org/packages/44/78/25535a6e63d3b9c4c90147371aedb5d04c72f3aee3a34451f2dc27c0c07f/scipy-1.15.2-cp311-cp311-macosx_14_0_x86_64.whl", hash = "sha256:a8bf5cb4a25046ac61d38f8d3c3426ec11ebc350246a4642f2f315fe95bda655", size = 25142523 },
    { url = "https://files.pythonhosted.org/packages/e0/22/4b4a26fe1cd9ed0bc2b2cb87b17d57e32ab72c346949eaf9288001f8aa8e/scipy-1.15.2-cp311-cp311-manylinux_2_17_aarch64.manylinux2014_aarch64.whl", hash = "sha256:6a8e34cf4c188b6dd004654f88586d78f95639e48a25dfae9c5e34a6dc34547e", size = 35491547 },
    { url = "https://files.pythonhosted.org/packages/32/ea/564bacc26b676c06a00266a3f25fdfe91a9d9a2532ccea7ce6dd394541bc/scipy-1.15.2-cp311-cp311-manylinux_2_17_x86_64.manylinux2014_x86_64.whl", hash = "sha256:28a0d2c2075946346e4408b211240764759e0fabaeb08d871639b5f3b1aca8a0", size = 37634077 },
    { url = "https://files.pythonhosted.org/packages/43/c2/bfd4e60668897a303b0ffb7191e965a5da4056f0d98acfb6ba529678f0fb/scipy-1.15.2-cp311-cp311-musllinux_1_2_aarch64.whl", hash = "sha256:42dabaaa798e987c425ed76062794e93a243be8f0f20fff6e7a89f4d61cb3d40", size = 37231657 },
    { url = "https://files.pythonhosted.org/packages/4a/75/5f13050bf4f84c931bcab4f4e83c212a36876c3c2244475db34e4b5fe1a6/scipy-1.15.2-cp311-cp311-musllinux_1_2_x86_64.whl", hash = "sha256:6f5e296ec63c5da6ba6fa0343ea73fd51b8b3e1a300b0a8cae3ed4b1122c7462", size = 40035857 },
    { url = "https://files.pythonhosted.org/packages/b9/8b/7ec1832b09dbc88f3db411f8cdd47db04505c4b72c99b11c920a8f0479c3/scipy-1.15.2-cp311-cp311-win_amd64.whl", hash = "sha256:597a0c7008b21c035831c39927406c6181bcf8f60a73f36219b69d010aa04737", size = 41217654 },
]

[[package]]
name = "setuptools"
version = "63.2.0"
source = { registry = "https://pypi.org/simple" }
sdist = { url = "https://files.pythonhosted.org/packages/0a/ba/52611dc8278828eb9ec339e6914a0f865f9e2af967214905927835dfac0a/setuptools-63.2.0.tar.gz", hash = "sha256:c04b44a57a6265fe34a4a444e965884716d34bae963119a76353434d6f18e450", size = 2605892 }
wheels = [
    { url = "https://files.pythonhosted.org/packages/a4/53/bfc6409447ca024558b8b19d055de94c813c3e32c0296c48a0873a161cf5/setuptools-63.2.0-py3-none-any.whl", hash = "sha256:0d33c374d41c7863419fc8f6c10bfe25b7b498aa34164d135c622e52580c6b16", size = 1228000 },
]

[[package]]
name = "traitlets"
version = "5.14.3"
source = { registry = "https://pypi.org/simple" }
sdist = { url = "https://files.pythonhosted.org/packages/eb/79/72064e6a701c2183016abbbfedaba506d81e30e232a68c9f0d6f6fcd1574/traitlets-5.14.3.tar.gz", hash = "sha256:9ed0579d3502c94b4b3732ac120375cda96f923114522847de4b3bb98b96b6b7", size = 161621 }
wheels = [
    { url = "https://files.pythonhosted.org/packages/00/c0/8f5d070730d7836adc9c9b6408dec68c6ced86b304a9b26a14df072a6e8c/traitlets-5.14.3-py3-none-any.whl", hash = "sha256:b74e89e397b1ed28cc831db7aea759ba6640cb3de13090ca145426688ff1ac4f", size = 85359 },
]

[[package]]
name = "urllib3"
version = "1.26.8"
source = { registry = "https://pypi.org/simple" }
sdist = { url = "https://files.pythonhosted.org/packages/b0/b1/7bbf5181f8e3258efae31702f5eab87d8a74a72a0aa78bc8c08c1466e243/urllib3-1.26.8.tar.gz", hash = "sha256:0e7c33d9a63e7ddfcb86780aac87befc2fbddf46c58dbb487e0855f7ceec283c", size = 294280 }
wheels = [
    { url = "https://files.pythonhosted.org/packages/4e/b8/f5a25b22e803f0578e668daa33ba3701bb37858ec80e08a150bd7d2cf1b1/urllib3-1.26.8-py2.py3-none-any.whl", hash = "sha256:000ca7f471a233c2251c6c7023ee85305721bfdf18621ebff4fd17a8653427ed", size = 138699 },
]

[[package]]
name = "zope-event"
version = "5.0"
source = { registry = "https://pypi.org/simple" }
dependencies = [
    { name = "setuptools" },
]
sdist = { url = "https://files.pythonhosted.org/packages/46/c2/427f1867bb96555d1d34342f1dd97f8c420966ab564d58d18469a1db8736/zope.event-5.0.tar.gz", hash = "sha256:bac440d8d9891b4068e2b5a2c5e2c9765a9df762944bda6955f96bb9b91e67cd", size = 17350 }
wheels = [
    { url = "https://files.pythonhosted.org/packages/fe/42/f8dbc2b9ad59e927940325a22d6d3931d630c3644dae7e2369ef5d9ba230/zope.event-5.0-py3-none-any.whl", hash = "sha256:2832e95014f4db26c47a13fdaef84cef2f4df37e66b59d8f1f4a8f319a632c26", size = 6824 },
]

[[package]]
name = "zope-interface"
version = "7.2"
source = { registry = "https://pypi.org/simple" }
dependencies = [
    { name = "setuptools" },
]
sdist = { url = "https://files.pythonhosted.org/packages/30/93/9210e7606be57a2dfc6277ac97dcc864fd8d39f142ca194fdc186d596fda/zope.interface-7.2.tar.gz", hash = "sha256:8b49f1a3d1ee4cdaf5b32d2e738362c7f5e40ac8b46dd7d1a65e82a4872728fe", size = 252960 }
wheels = [
    { url = "https://files.pythonhosted.org/packages/98/7d/2e8daf0abea7798d16a58f2f3a2bf7588872eee54ac119f99393fdd47b65/zope.interface-7.2-cp311-cp311-macosx_10_9_x86_64.whl", hash = "sha256:1909f52a00c8c3dcab6c4fad5d13de2285a4b3c7be063b239b8dc15ddfb73bd2", size = 208776 },
    { url = "https://files.pythonhosted.org/packages/a0/2a/0c03c7170fe61d0d371e4c7ea5b62b8cb79b095b3d630ca16719bf8b7b18/zope.interface-7.2-cp311-cp311-macosx_11_0_arm64.whl", hash = "sha256:80ecf2451596f19fd607bb09953f426588fc1e79e93f5968ecf3367550396b22", size = 209296 },
    { url = "https://files.pythonhosted.org/packages/49/b4/451f19448772b4a1159519033a5f72672221e623b0a1bd2b896b653943d8/zope.interface-7.2-cp311-cp311-manylinux_2_17_aarch64.manylinux2014_aarch64.whl", hash = "sha256:033b3923b63474800b04cba480b70f6e6243a62208071fc148354f3f89cc01b7", size = 260997 },
    { url = "https://files.pythonhosted.org/packages/65/94/5aa4461c10718062c8f8711161faf3249d6d3679c24a0b81dd6fc8ba1dd3/zope.interface-7.2-cp311-cp311-manylinux_2_5_i686.manylinux1_i686.manylinux_2_17_i686.manylinux2014_i686.whl", hash = "sha256:a102424e28c6b47c67923a1f337ede4a4c2bba3965b01cf707978a801fc7442c", size = 255038 },
    { url = "https://files.pythonhosted.org/packages/9f/aa/1a28c02815fe1ca282b54f6705b9ddba20328fabdc37b8cf73fc06b172f0/zope.interface-7.2-cp311-cp311-manylinux_2_5_x86_64.manylinux1_x86_64.manylinux_2_17_x86_64.manylinux2014_x86_64.whl", hash = "sha256:25e6a61dcb184453bb00eafa733169ab6d903e46f5c2ace4ad275386f9ab327a", size = 259806 },
    { url = "https://files.pythonhosted.org/packages/a7/2c/82028f121d27c7e68632347fe04f4a6e0466e77bb36e104c8b074f3d7d7b/zope.interface-7.2-cp311-cp311-win_amd64.whl", hash = "sha256:3f6771d1647b1fc543d37640b45c06b34832a943c80d1db214a37c31161a93f1", size = 212305 },
]

[[package]]
name = "zstandard"
version = "0.16.0"
source = { registry = "https://pypi.org/simple" }
dependencies = [
    { name = "cffi", marker = "platform_python_implementation == 'PyPy'" },
]
sdist = { url = "https://files.pythonhosted.org/packages/7d/74/50521e915f23ea5fecee190e933527174a34e8623317369d3b9a13ba109c/zstandard-0.16.0.tar.gz", hash = "sha256:eaae2d3e8fdf8bfe269628385087e4b648beef85bb0c187644e7df4fb0fe9046", size = 563633 }
