version = 1
revision = 1
requires-python = "==3.11.*"

[manifest]
requirements = [
    { name = "jupyter-core", specifier = ">=5.7.2" },
    { name = "numpy", specifier = "==1.24.*" },
    { name = "polars", extras = ["async"], specifier = ">=1.26.0" },
    { name = "scipy", specifier = "==1.15.2" },
]

[[package]]
name = "cffi"
version = "1.17.1"
source = { registry = "https://pypi.org/simple" }
dependencies = [
    { name = "pycparser" },
]
sdist = { url = "https://files.pythonhosted.org/packages/fc/97/c783634659c2920c3fc70419e3af40972dbaf758daa229a7d6ea6135c90d/cffi-1.17.1.tar.gz", hash = "sha256:1c39c6016c32bc48dd54561950ebd6836e1670f2ae46128f67cf49e789c52824", size = 516621 }
wheels = [
    { url = "https://files.pythonhosted.org/packages/34/33/e1b8a1ba29025adbdcda5fb3a36f94c03d771c1b7b12f726ff7fef2ebe36/cffi-1.17.1-cp311-cp311-win32.whl", hash = "sha256:85a950a4ac9c359340d5963966e3e0a94a676bd6245a4b55bc43949eee26a655", size = 171727 },
    { url = "https://files.pythonhosted.org/packages/3d/97/50228be003bb2802627d28ec0627837ac0bf35c90cf769812056f235b2d1/cffi-1.17.1-cp311-cp311-win_amd64.whl", hash = "sha256:caaf0640ef5f5517f49bc275eca1406b0ffa6aa184892812030f04c2abf589a0", size = 181400 },
]

[[package]]
name = "gevent"
version = "24.11.1"
source = { registry = "https://pypi.org/simple" }
dependencies = [
    { name = "cffi", marker = "platform_python_implementation == 'CPython' and sys_platform == 'win32'" },
    { name = "greenlet", marker = "platform_python_implementation == 'CPython'" },
    { name = "zope-event" },
    { name = "zope-interface" },
]
sdist = { url = "https://files.pythonhosted.org/packages/ab/75/a53f1cb732420f5e5d79b2563fc3504d22115e7ecfe7966e5cf9b3582ae7/gevent-24.11.1.tar.gz", hash = "sha256:8bd1419114e9e4a3ed33a5bad766afff9a3cf765cb440a582a1b3a9bc80c1aca", size = 5976624 }
wheels = [
    { url = "https://files.pythonhosted.org/packages/ea/fd/86a170f77ef51a15297573c50dbec4cc67ddc98b677cc2d03cc7f2927f4c/gevent-24.11.1-cp311-cp311-macosx_11_0_universal2.whl", hash = "sha256:351d1c0e4ef2b618ace74c91b9b28b3eaa0dd45141878a964e03c7873af09f62", size = 2951424 },
    { url = "https://files.pythonhosted.org/packages/7f/0a/987268c9d446f61883bc627c77c5ed4a97869c0f541f76661a62b2c411f6/gevent-24.11.1-cp311-cp311-manylinux_2_17_aarch64.manylinux2014_aarch64.whl", hash = "sha256:b5efe72e99b7243e222ba0c2c2ce9618d7d36644c166d63373af239da1036bab", size = 4878504 },
    { url = "https://files.pythonhosted.org/packages/dc/d4/2f77ddd837c0e21b4a4460bcb79318b6754d95ef138b7a29f3221c7e9993/gevent-24.11.1-cp311-cp311-manylinux_2_17_ppc64le.manylinux2014_ppc64le.whl", hash = "sha256:9d3b249e4e1f40c598ab8393fc01ae6a3b4d51fc1adae56d9ba5b315f6b2d758", size = 5007668 },
    { url = "https://files.pythonhosted.org/packages/80/a0/829e0399a1f9b84c344b72d2be9aa60fe2a64e993cac221edcc14f069679/gevent-24.11.1-cp311-cp311-manylinux_2_17_s390x.manylinux2014_s390x.whl", hash = "sha256:81d918e952954675f93fb39001da02113ec4d5f4921bf5a0cc29719af6824e5d", size = 5067055 },
    { url = "https://files.pythonhosted.org/packages/1e/67/0e693f9ddb7909c2414f8fcfc2409aa4157884c147bc83dab979e9cf717c/gevent-24.11.1-cp311-cp311-manylinux_2_17_x86_64.manylinux2014_x86_64.whl", hash = "sha256:c9c935b83d40c748b6421625465b7308d87c7b3717275acd587eef2bd1c39546", size = 6761883 },
    { url = "https://files.pythonhosted.org/packages/fa/b6/b69883fc069d7148dd23c5dda20826044e54e7197f3c8e72b8cc2cd4035a/gevent-24.11.1-cp311-cp311-musllinux_1_1_aarch64.whl", hash = "sha256:ff96c5739834c9a594db0e12bf59cb3fa0e5102fc7b893972118a3166733d61c", size = 5440802 },
    { url = "https://files.pythonhosted.org/packages/32/4e/b00094d995ff01fd88b3cf6b9d1d794f935c31c645c431e65cd82d808c9c/gevent-24.11.1-cp311-cp311-musllinux_1_1_x86_64.whl", hash = "sha256:d6c0a065e31ef04658f799215dddae8752d636de2bed61365c358f9c91e7af61", size = 6866992 },
    { url = "https://files.pythonhosted.org/packages/37/ed/58dbe9fb09d36f6477ff8db0459ebd3be9a77dc05ae5d96dc91ad657610d/gevent-24.11.1-cp311-cp311-win_amd64.whl", hash = "sha256:97e2f3999a5c0656f42065d02939d64fffaf55861f7d62b0107a08f52c984897", size = 1543736 },
]

[[package]]
name = "greenlet"
version = "3.1.1"
source = { registry = "https://pypi.org/simple" }
sdist = { url = "https://files.pythonhosted.org/packages/2f/ff/df5fede753cc10f6a5be0931204ea30c35fa2f2ea7a35b25bdaf4fe40e46/greenlet-3.1.1.tar.gz", hash = "sha256:4ce3ac6cdb6adf7946475d7ef31777c26d94bccc377e070a7986bd2d5c515467", size = 186022 }
wheels = [
    { url = "https://files.pythonhosted.org/packages/28/62/1c2665558618553c42922ed47a4e6d6527e2fa3516a8256c2f431c5d0441/greenlet-3.1.1-cp311-cp311-macosx_11_0_universal2.whl", hash = "sha256:e4d333e558953648ca09d64f13e6d8f0523fa705f51cae3f03b5983489958c70", size = 272479 },
    { url = "https://files.pythonhosted.org/packages/76/9d/421e2d5f07285b6e4e3a676b016ca781f63cfe4a0cd8eaecf3fd6f7a71ae/greenlet-3.1.1-cp311-cp311-manylinux_2_17_aarch64.manylinux2014_aarch64.whl", hash = "sha256:09fc016b73c94e98e29af67ab7b9a879c307c6731a2c9da0db5a7d9b7edd1159", size = 640404 },
    { url = "https://files.pythonhosted.org/packages/e5/de/6e05f5c59262a584e502dd3d261bbdd2c97ab5416cc9c0b91ea38932a901/greenlet-3.1.1-cp311-cp311-manylinux_2_17_ppc64le.manylinux2014_ppc64le.whl", hash = "sha256:d5e975ca70269d66d17dd995dafc06f1b06e8cb1ec1e9ed54c1d1e4a7c4cf26e", size = 652813 },
    { url = "https://files.pythonhosted.org/packages/49/93/d5f93c84241acdea15a8fd329362c2c71c79e1a507c3f142a5d67ea435ae/greenlet-3.1.1-cp311-cp311-manylinux_2_17_s390x.manylinux2014_s390x.whl", hash = "sha256:3b2813dc3de8c1ee3f924e4d4227999285fd335d1bcc0d2be6dc3f1f6a318ec1", size = 648517 },
    { url = "https://files.pythonhosted.org/packages/15/85/72f77fc02d00470c86a5c982b8daafdf65d38aefbbe441cebff3bf7037fc/greenlet-3.1.1-cp311-cp311-manylinux_2_17_x86_64.manylinux2014_x86_64.whl", hash = "sha256:e347b3bfcf985a05e8c0b7d462ba6f15b1ee1c909e2dcad795e49e91b152c383", size = 647831 },
    { url = "https://files.pythonhosted.org/packages/f7/4b/1c9695aa24f808e156c8f4813f685d975ca73c000c2a5056c514c64980f6/greenlet-3.1.1-cp311-cp311-manylinux_2_24_x86_64.manylinux_2_28_x86_64.whl", hash = "sha256:9e8f8c9cb53cdac7ba9793c276acd90168f416b9ce36799b9b885790f8ad6c0a", size = 602413 },
    { url = "https://files.pythonhosted.org/packages/76/70/ad6e5b31ef330f03b12559d19fda2606a522d3849cde46b24f223d6d1619/greenlet-3.1.1-cp311-cp311-musllinux_1_1_aarch64.whl", hash = "sha256:62ee94988d6b4722ce0028644418d93a52429e977d742ca2ccbe1c4f4a792511", size = 1129619 },
    { url = "https://files.pythonhosted.org/packages/f4/fb/201e1b932e584066e0f0658b538e73c459b34d44b4bd4034f682423bc801/greenlet-3.1.1-cp311-cp311-musllinux_1_1_x86_64.whl", hash = "sha256:1776fd7f989fc6b8d8c8cb8da1f6b82c5814957264d1f6cf818d475ec2bf6395", size = 1155198 },
    { url = "https://files.pythonhosted.org/packages/12/da/b9ed5e310bb8b89661b80cbcd4db5a067903bbcd7fc854923f5ebb4144f0/greenlet-3.1.1-cp311-cp311-win_amd64.whl", hash = "sha256:48ca08c771c268a768087b408658e216133aecd835c0ded47ce955381105ba39", size = 298930 },
]

[[package]]
name = "jupyter-core"
version = "5.7.2"
source = { registry = "https://pypi.org/simple" }
dependencies = [
    { name = "platformdirs" },
    { name = "pywin32", marker = "platform_python_implementation != 'PyPy' and sys_platform == 'win32'" },
    { name = "traitlets" },
]
sdist = { url = "https://files.pythonhosted.org/packages/00/11/b56381fa6c3f4cc5d2cf54a7dbf98ad9aa0b339ef7a601d6053538b079a7/jupyter_core-5.7.2.tar.gz", hash = "sha256:aa5f8d32bbf6b431ac830496da7392035d6f61b4f54872f15c4bd2a9c3f536d9", size = 87629 }
wheels = [
    { url = "https://files.pythonhosted.org/packages/c9/fb/108ecd1fe961941959ad0ee4e12ee7b8b1477247f30b1fdfd83ceaf017f0/jupyter_core-5.7.2-py3-none-any.whl", hash = "sha256:4f7315d2f6b4bcf2e3e7cb6e46772eba760ae459cd1f59d29eb57b0a01bd7409", size = 28965 },
]

[[package]]
name = "numpy"
version = "1.24.4"
source = { registry = "https://pypi.org/simple" }
sdist = { url = "https://files.pythonhosted.org/packages/a4/9b/027bec52c633f6556dba6b722d9a0befb40498b9ceddd29cbe67a45a127c/numpy-1.24.4.tar.gz", hash = "sha256:80f5e3a4e498641401868df4208b74581206afbee7cf7b8329daae82676d9463", size = 10911229 }
wheels = [
    { url = "https://files.pythonhosted.org/packages/a9/cc/5ed2280a27e5dab12994c884f1f4d8c3bd4d885d02ae9e52a9d213a6a5e2/numpy-1.24.4-cp311-cp311-macosx_10_9_x86_64.whl", hash = "sha256:f136bab9c2cfd8da131132c2cf6cc27331dd6fae65f95f69dcd4ae3c3639c810", size = 19775508 },
    { url = "https://files.pythonhosted.org/packages/c0/bc/77635c657a3668cf652806210b8662e1aff84b818a55ba88257abf6637a8/numpy-1.24.4-cp311-cp311-macosx_11_0_arm64.whl", hash = "sha256:e2926dac25b313635e4d6cf4dc4e51c8c0ebfed60b801c799ffc4c32bf3d1254", size = 13840033 },
    { url = "https://files.pythonhosted.org/packages/a7/4c/96cdaa34f54c05e97c1c50f39f98d608f96f0677a6589e64e53104e22904/numpy-1.24.4-cp311-cp311-manylinux_2_17_aarch64.manylinux2014_aarch64.whl", hash = "sha256:222e40d0e2548690405b0b3c7b21d1169117391c2e82c378467ef9ab4c8f0da7", size = 13991951 },
    { url = "https://files.pythonhosted.org/packages/22/97/dfb1a31bb46686f09e68ea6ac5c63fdee0d22d7b23b8f3f7ea07712869ef/numpy-1.24.4-cp311-cp311-manylinux_2_17_x86_64.manylinux2014_x86_64.whl", hash = "sha256:7215847ce88a85ce39baf9e89070cb860c98fdddacbaa6c0da3ffb31b3350bd5", size = 17278923 },
    { url = "https://files.pythonhosted.org/packages/35/e2/76a11e54139654a324d107da1d98f99e7aa2a7ef97cfd7c631fba7dbde71/numpy-1.24.4-cp311-cp311-win32.whl", hash = "sha256:4979217d7de511a8d57f4b4b5b2b965f707768440c17cb70fbf254c4b225238d", size = 12422446 },
    { url = "https://files.pythonhosted.org/packages/d8/ec/ebef2f7d7c28503f958f0f8b992e7ce606fb74f9e891199329d5f5f87404/numpy-1.24.4-cp311-cp311-win_amd64.whl", hash = "sha256:b7b1fc9864d7d39e28f41d089bfd6353cb5f27ecd9905348c24187a768c79694", size = 14834466 },
]

[[package]]
name = "platformdirs"
version = "4.3.7"
source = { registry = "https://pypi.org/simple" }
sdist = { url = "https://files.pythonhosted.org/packages/b6/2d/7d512a3913d60623e7eb945c6d1b4f0bddf1d0b7ada5225274c87e5b53d1/platformdirs-4.3.7.tar.gz", hash = "sha256:eb437d586b6a0986388f0d6f74aa0cde27b48d0e3d66843640bfb6bdcdb6e351", size = 21291 }
wheels = [
    { url = "https://files.pythonhosted.org/packages/6d/45/59578566b3275b8fd9157885918fcd0c4d74162928a5310926887b856a51/platformdirs-4.3.7-py3-none-any.whl", hash = "sha256:a03875334331946f13c549dbd8f4bac7a13a50a895a0eb1e8c6a8ace80d40a94", size = 18499 },
]

[[package]]
name = "polars"
version = "1.26.0"
source = { registry = "https://pypi.org/simple" }
sdist = { url = "https://files.pythonhosted.org/packages/72/c2/56a750b82e74c5af7b821215eab3ee992d9ef11310dad353f5b2086ef7db/polars-1.26.0.tar.gz", hash = "sha256:b5492d38e5ec2ae6a8853833c5a31549194a361b901134fc5f2f57b49bd563ea", size = 4522991 }
wheels = [
    { url = "https://files.pythonhosted.org/packages/4a/99/ce4427576a6134504e6dd58f5d411d55b228a05950c5fff5b75e90263cb1/polars-1.26.0-cp39-abi3-macosx_10_12_x86_64.whl", hash = "sha256:2afefcd356608981b2e15d46df9ddaa6e77f36095ebeb73c3261e198bd51c925", size = 34767938 },
    { url = "https://files.pythonhosted.org/packages/e3/0a/5c9455ff271c3583bf0fd505911e5787ca7bc0f247968853cb6dcfbedffb/polars-1.26.0-cp39-abi3-macosx_11_0_arm64.whl", hash = "sha256:587eb3c5000423eb20be998f523e605ddba0d3c598ba4a7e2a4d0b92b1fd2a7e", size = 31612374 },
    { url = "https://files.pythonhosted.org/packages/6c/0a/c9e388b35533fc1827eaeb0f3940ba0a1058511bf77aaa689ebb1b0bef88/polars-1.26.0-cp39-abi3-manylinux_2_17_x86_64.manylinux2014_x86_64.whl", hash = "sha256:66c30f4b7e060c2e7f3a45d6ac94ab3b179831a2f1e629401bf7912d54311529", size = 35404704 },
    { url = "https://files.pythonhosted.org/packages/e6/eb/b420131563a42ac0866224aa6284a356107d036c32d825c5478767a1446e/polars-1.26.0-cp39-abi3-manylinux_2_24_aarch64.whl", hash = "sha256:110d6987d37ae954a5ef16d739fb717df9d39b144790d12d98fb3e72ed35621c", size = 32569800 },
    { url = "https://files.pythonhosted.org/packages/e9/8d/b28ae5d63a4bafdfe81d132efc6b8d076ef2c866ecbf5d24ca3b1f53b88b/polars-1.26.0-cp39-abi3-win_amd64.whl", hash = "sha256:189a58aaf393003515fa6d83e2dea815a2b448265f2007a926274ed12672583c", size = 35617074 },
    { url = "https://files.pythonhosted.org/packages/af/21/7a76c58203f0806cb5b1155e4994693e618d4de5ca6a34388ae85267ccc4/polars-1.26.0-cp39-abi3-win_arm64.whl", hash = "sha256:58db2dce39cad5f8fc8e8c5c923a250eb21eff4146b03514d570d1c205a4874c", size = 31895936 },
]

[package.optional-dependencies]
async = [
    { name = "gevent" },
]

[[package]]
name = "pycparser"
version = "2.22"
source = { registry = "https://pypi.org/simple" }
sdist = { url = "https://files.pythonhosted.org/packages/1d/b2/31537cf4b1ca988837256c910a668b553fceb8f069bedc4b1c826024b52c/pycparser-2.22.tar.gz", hash = "sha256:491c8be9c040f5390f5bf44a5b07752bd07f56edf992381b05c701439eec10f6", size = 172736 }
wheels = [
    { url = "https://files.pythonhosted.org/packages/13/a3/a812df4e2dd5696d1f351d58b8fe16a405b234ad2886a0dab9183fb78109/pycparser-2.22-py3-none-any.whl", hash = "sha256:c3702b6d3dd8c7abc1afa565d7e63d53a1d0bd86cdc24edd75470f4de499cfcc", size = 117552 },
]

[[package]]
name = "pywin32"
version = "310"
source = { registry = "https://pypi.org/simple" }
wheels = [
    { url = "https://files.pythonhosted.org/packages/f7/b1/68aa2986129fb1011dabbe95f0136f44509afaf072b12b8f815905a39f33/pywin32-310-cp311-cp311-win32.whl", hash = "sha256:1e765f9564e83011a63321bb9d27ec456a0ed90d3732c4b2e312b855365ed8bd", size = 8784284 },
    { url = "https://files.pythonhosted.org/packages/b3/bd/d1592635992dd8db5bb8ace0551bc3a769de1ac8850200cfa517e72739fb/pywin32-310-cp311-cp311-win_amd64.whl", hash = "sha256:126298077a9d7c95c53823934f000599f66ec9296b09167810eb24875f32689c", size = 9520748 },
    { url = "https://files.pythonhosted.org/packages/90/b1/ac8b1ffce6603849eb45a91cf126c0fa5431f186c2e768bf56889c46f51c/pywin32-310-cp311-cp311-win_arm64.whl", hash = "sha256:19ec5fc9b1d51c4350be7bb00760ffce46e6c95eaf2f0b2f1150657b1a43c582", size = 8455941 },
]

[[package]]
name = "scipy"
version = "1.15.2"
source = { registry = "https://pypi.org/simple" }
dependencies = [
    { name = "numpy" },
]
sdist = { url = "https://files.pythonhosted.org/packages/b7/b9/31ba9cd990e626574baf93fbc1ac61cf9ed54faafd04c479117517661637/scipy-1.15.2.tar.gz", hash = "sha256:cd58a314d92838f7e6f755c8a2167ead4f27e1fd5c1251fd54289569ef3495ec", size = 59417316 }
wheels = [
    { url = "https://files.pythonhosted.org/packages/40/1f/bf0a5f338bda7c35c08b4ed0df797e7bafe8a78a97275e9f439aceb46193/scipy-1.15.2-cp311-cp311-macosx_10_13_x86_64.whl", hash = "sha256:92233b2df6938147be6fa8824b8136f29a18f016ecde986666be5f4d686a91a4", size = 38703651 },
    { url = "https://files.pythonhosted.org/packages/de/54/db126aad3874601048c2c20ae3d8a433dbfd7ba8381551e6f62606d9bd8e/scipy-1.15.2-cp311-cp311-macosx_12_0_arm64.whl", hash = "sha256:62ca1ff3eb513e09ed17a5736929429189adf16d2d740f44e53270cc800ecff1", size = 30102038 },
    { url = "https://files.pythonhosted.org/packages/61/d8/84da3fffefb6c7d5a16968fe5b9f24c98606b165bb801bb0b8bc3985200f/scipy-1.15.2-cp311-cp311-macosx_14_0_arm64.whl", hash = "sha256:4c6676490ad76d1c2894d77f976144b41bd1a4052107902238047fb6a473e971", size = 22375518 },
    { url = "https://files.pythonhosted.org/packages/44/78/25535a6e63d3b9c4c90147371aedb5d04c72f3aee3a34451f2dc27c0c07f/scipy-1.15.2-cp311-cp311-macosx_14_0_x86_64.whl", hash = "sha256:a8bf5cb4a25046ac61d38f8d3c3426ec11ebc350246a4642f2f315fe95bda655", size = 25142523 },
    { url = "https://files.pythonhosted.org/packages/e0/22/4b4a26fe1cd9ed0bc2b2cb87b17d57e32ab72c346949eaf9288001f8aa8e/scipy-1.15.2-cp311-cp311-manylinux_2_17_aarch64.manylinux2014_aarch64.whl", hash = "sha256:6a8e34cf4c188b6dd004654f88586d78f95639e48a25dfae9c5e34a6dc34547e", size = 35491547 },
    { url = "https://files.pythonhosted.org/packages/32/ea/564bacc26b676c06a00266a3f25fdfe91a9d9a2532ccea7ce6dd394541bc/scipy-1.15.2-cp311-cp311-manylinux_2_17_x86_64.manylinux2014_x86_64.whl", hash = "sha256:28a0d2c2075946346e4408b211240764759e0fabaeb08d871639b5f3b1aca8a0", size = 37634077 },
    { url = "https://files.pythonhosted.org/packages/43/c2/bfd4e60668897a303b0ffb7191e965a5da4056f0d98acfb6ba529678f0fb/scipy-1.15.2-cp311-cp311-musllinux_1_2_aarch64.whl", hash = "sha256:42dabaaa798e987c425ed76062794e93a243be8f0f20fff6e7a89f4d61cb3d40", size = 37231657 },
    { url = "https://files.pythonhosted.org/packages/4a/75/5f13050bf4f84c931bcab4f4e83c212a36876c3c2244475db34e4b5fe1a6/scipy-1.15.2-cp311-cp311-musllinux_1_2_x86_64.whl", hash = "sha256:6f5e296ec63c5da6ba6fa0343ea73fd51b8b3e1a300b0a8cae3ed4b1122c7462", size = 40035857 },
    { url = "https://files.pythonhosted.org/packages/b9/8b/7ec1832b09dbc88f3db411f8cdd47db04505c4b72c99b11c920a8f0479c3/scipy-1.15.2-cp311-cp311-win_amd64.whl", hash = "sha256:597a0c7008b21c035831c39927406c6181bcf8f60a73f36219b69d010aa04737", size = 41217654 },
]

[[package]]
name = "setuptools"
version = "78.0.2"
source = { registry = "https://pypi.org/simple" }
sdist = { url = "https://files.pythonhosted.org/packages/4c/f4/aa8d364f0dc1f33b2718938648c31202e2db5cd6479a73f0a9ca5a88372d/setuptools-78.0.2.tar.gz", hash = "sha256:137525e6afb9022f019d6e884a319017f9bf879a0d8783985d32cbc8683cab93", size = 1367747 }
wheels = [
    { url = "https://files.pythonhosted.org/packages/aa/db/2fd473dfe436ad19fda190f4079162d400402aedfcc41e048d38c0a375c6/setuptools-78.0.2-py3-none-any.whl", hash = "sha256:4a612c80e1f1d71b80e4906ce730152e8dec23df439f82731d9d0b608d7b700d", size = 1255965 },
]

[[package]]
name = "traitlets"
version = "5.14.3"
source = { registry = "https://pypi.org/simple" }
sdist = { url = "https://files.pythonhosted.org/packages/eb/79/72064e6a701c2183016abbbfedaba506d81e30e232a68c9f0d6f6fcd1574/traitlets-5.14.3.tar.gz", hash = "sha256:9ed0579d3502c94b4b3732ac120375cda96f923114522847de4b3bb98b96b6b7", size = 161621 }
wheels = [
    { url = "https://files.pythonhosted.org/packages/00/c0/8f5d070730d7836adc9c9b6408dec68c6ced86b304a9b26a14df072a6e8c/traitlets-5.14.3-py3-none-any.whl", hash = "sha256:b74e89e397b1ed28cc831db7aea759ba6640cb3de13090ca145426688ff1ac4f", size = 85359 },
]

[[package]]
name = "zope-event"
version = "5.0"
source = { registry = "https://pypi.org/simple" }
dependencies = [
    { name = "setuptools" },
]
sdist = { url = "https://files.pythonhosted.org/packages/46/c2/427f1867bb96555d1d34342f1dd97f8c420966ab564d58d18469a1db8736/zope.event-5.0.tar.gz", hash = "sha256:bac440d8d9891b4068e2b5a2c5e2c9765a9df762944bda6955f96bb9b91e67cd", size = 17350 }
wheels = [
    { url = "https://files.pythonhosted.org/packages/fe/42/f8dbc2b9ad59e927940325a22d6d3931d630c3644dae7e2369ef5d9ba230/zope.event-5.0-py3-none-any.whl", hash = "sha256:2832e95014f4db26c47a13fdaef84cef2f4df37e66b59d8f1f4a8f319a632c26", size = 6824 },
]

[[package]]
name = "zope-interface"
version = "7.2"
source = { registry = "https://pypi.org/simple" }
dependencies = [
    { name = "setuptools" },
]
sdist = { url = "https://files.pythonhosted.org/packages/30/93/9210e7606be57a2dfc6277ac97dcc864fd8d39f142ca194fdc186d596fda/zope.interface-7.2.tar.gz", hash = "sha256:8b49f1a3d1ee4cdaf5b32d2e738362c7f5e40ac8b46dd7d1a65e82a4872728fe", size = 252960 }
wheels = [
    { url = "https://files.pythonhosted.org/packages/98/7d/2e8daf0abea7798d16a58f2f3a2bf7588872eee54ac119f99393fdd47b65/zope.interface-7.2-cp311-cp311-macosx_10_9_x86_64.whl", hash = "sha256:1909f52a00c8c3dcab6c4fad5d13de2285a4b3c7be063b239b8dc15ddfb73bd2", size = 208776 },
    { url = "https://files.pythonhosted.org/packages/a0/2a/0c03c7170fe61d0d371e4c7ea5b62b8cb79b095b3d630ca16719bf8b7b18/zope.interface-7.2-cp311-cp311-macosx_11_0_arm64.whl", hash = "sha256:80ecf2451596f19fd607bb09953f426588fc1e79e93f5968ecf3367550396b22", size = 209296 },
    { url = "https://files.pythonhosted.org/packages/49/b4/451f19448772b4a1159519033a5f72672221e623b0a1bd2b896b653943d8/zope.interface-7.2-cp311-cp311-manylinux_2_17_aarch64.manylinux2014_aarch64.whl", hash = "sha256:033b3923b63474800b04cba480b70f6e6243a62208071fc148354f3f89cc01b7", size = 260997 },
    { url = "https://files.pythonhosted.org/packages/65/94/5aa4461c10718062c8f8711161faf3249d6d3679c24a0b81dd6fc8ba1dd3/zope.interface-7.2-cp311-cp311-manylinux_2_5_i686.manylinux1_i686.manylinux_2_17_i686.manylinux2014_i686.whl", hash = "sha256:a102424e28c6b47c67923a1f337ede4a4c2bba3965b01cf707978a801fc7442c", size = 255038 },
    { url = "https://files.pythonhosted.org/packages/9f/aa/1a28c02815fe1ca282b54f6705b9ddba20328fabdc37b8cf73fc06b172f0/zope.interface-7.2-cp311-cp311-manylinux_2_5_x86_64.manylinux1_x86_64.manylinux_2_17_x86_64.manylinux2014_x86_64.whl", hash = "sha256:25e6a61dcb184453bb00eafa733169ab6d903e46f5c2ace4ad275386f9ab327a", size = 259806 },
    { url = "https://files.pythonhosted.org/packages/a7/2c/82028f121d27c7e68632347fe04f4a6e0466e77bb36e104c8b074f3d7d7b/zope.interface-7.2-cp311-cp311-win_amd64.whl", hash = "sha256:3f6771d1647b1fc543d37640b45c06b34832a943c80d1db214a37c31161a93f1", size = 212305 },
]
